
Microsoft Visual Studio Solution File, Format Version 12.00
# Visual Studio 14
VisualStudioVersion = 14.0.23107.0
MinimumVisualStudioVersion = 10.0.40219.1
Project("{FAE04EC0-301F-11D3-BF4B-00C04F79EFBC}") = "pjsummersjr.O365.Samples.Navigation", "pjsummersjr.O365.Samples.Navigation\pjsummersjr.O365.Samples.Navigation.csproj", "{3C8FC999-15FA-4C43-AB05-D65A754DB23B}"
EndProject
Global
	GlobalSection(SolutionConfigurationPlatforms) = preSolution
		Debug|Any CPU = Debug|Any CPU
		Release|Any CPU = Release|Any CPU
	EndGlobalSection
	GlobalSection(ProjectConfigurationPlatforms) = postSolution
		{3C8FC999-15FA-4C43-AB05-D65A754DB23B}.Debug|Any CPU.ActiveCfg = Debug|Any CPU
		{3C8FC999-15FA-4C43-AB05-D65A754DB23B}.Debug|Any CPU.Build.0 = Debug|Any CPU
		{3C8FC999-15FA-4C43-AB05-D65A754DB23B}.Release|Any CPU.ActiveCfg = Release|Any CPU
		{3C8FC999-15FA-4C43-AB05-D65A754DB23B}.Release|Any CPU.Build.0 = Release|Any CPU
	EndGlobalSection
	GlobalSection(SolutionProperties) = preSolution
		HideSolutionNode = FALSE
	EndGlobalSection
EndGlobal
